
Microsoft Visual Studio Solution File, Format Version 12.00
# Visual Studio Version 17
VisualStudioVersion = 17.4.33205.214
MinimumVisualStudioVersion = 10.0.40219.1
Project("{9A19103F-16F7-4668-BE54-9A1E7A4F7556}") = "QRConsole", "src\QRConsole\QRConsole.csproj", "{03A55C1F-814E-4CFB-A847-9B78FB0545D6}"
EndProject
Project("{9A19103F-16F7-4668-BE54-9A1E7A4F7556}") = "QRConsole.SampleApp", "sample\QRConsole.SampleApp\QRConsole.SampleApp.csproj", "{A747AF6D-C925-465F-8641-EDDCC6F51F87}"
EndProject
Project("{9A19103F-16F7-4668-BE54-9A1E7A4F7556}") = "Cyjb", "src\Cyjb\Cyjb.csproj", "{3738E06B-5819-4DC5-86DC-8ACAEDC78535}"
EndProject
Project("{FAE04EC0-301F-11D3-BF4B-00C04F79EFBC}") = "Null.ConsoleEx", "src\Null.ConsoleEx\Null.ConsoleEx.csproj", "{B54FDF8B-80C1-4DC4-832D-01C3D229D2C6}"
EndProject
Global
	GlobalSection(SolutionConfigurationPlatforms) = preSolution
		Debug|Any CPU = Debug|Any CPU
		Release|Any CPU = Release|Any CPU
	EndGlobalSection
	GlobalSection(ProjectConfigurationPlatforms) = postSolution
		{03A55C1F-814E-4CFB-A847-9B78FB0545D6}.Debug|Any CPU.ActiveCfg = Debug|Any CPU
		{03A55C1F-814E-4CFB-A847-9B78FB0545D6}.Debug|Any CPU.Build.0 = Debug|Any CPU
		{03A55C1F-814E-4CFB-A847-9B78FB0545D6}.Release|Any CPU.ActiveCfg = Release|Any CPU
		{03A55C1F-814E-4CFB-A847-9B78FB0545D6}.Release|Any CPU.Build.0 = Release|Any CPU
		{A747AF6D-C925-465F-8641-EDDCC6F51F87}.Debug|Any CPU.ActiveCfg = Debug|Any CPU
		{A747AF6D-C925-465F-8641-EDDCC6F51F87}.Debug|Any CPU.Build.0 = Debug|Any CPU
		{A747AF6D-C925-465F-8641-EDDCC6F51F87}.Release|Any CPU.ActiveCfg = Release|Any CPU
		{A747AF6D-C925-465F-8641-EDDCC6F51F87}.Release|Any CPU.Build.0 = Release|Any CPU
		{3738E06B-5819-4DC5-86DC-8ACAEDC78535}.Debug|Any CPU.ActiveCfg = Debug|Any CPU
		{3738E06B-5819-4DC5-86DC-8ACAEDC78535}.Debug|Any CPU.Build.0 = Debug|Any CPU
		{3738E06B-5819-4DC5-86DC-8ACAEDC78535}.Release|Any CPU.ActiveCfg = Release|Any CPU
		{3738E06B-5819-4DC5-86DC-8ACAEDC78535}.Release|Any CPU.Build.0 = Release|Any CPU
		{B54FDF8B-80C1-4DC4-832D-01C3D229D2C6}.Debug|Any CPU.ActiveCfg = Debug|Any CPU
		{B54FDF8B-80C1-4DC4-832D-01C3D229D2C6}.Debug|Any CPU.Build.0 = Debug|Any CPU
		{B54FDF8B-80C1-4DC4-832D-01C3D229D2C6}.Release|Any CPU.ActiveCfg = Release|Any CPU
		{B54FDF8B-80C1-4DC4-832D-01C3D229D2C6}.Release|Any CPU.Build.0 = Release|Any CPU
	EndGlobalSection
	GlobalSection(SolutionProperties) = preSolution
		HideSolutionNode = FALSE
	EndGlobalSection
	GlobalSection(ExtensibilityGlobals) = postSolution
		SolutionGuid = {6BEBC848-FB21-47FF-AD52-F95E1397219D}
	EndGlobalSection
EndGlobal
